
Microsoft Visual Studio Solution File, Format Version 12.00
# Visual Studio 2013
VisualStudioVersion = 12.0.31101.0
MinimumVisualStudioVersion = 10.0.40219.1
Project("{FAE04EC0-301F-11D3-BF4B-00C04F79EFBC}") = "AgileDefender", "AgileDefender\AgileDefender\AgileDefender.csproj", "{A57B3D85-87D4-4CFC-B072-5F34DCA4A169}"
EndProject
Project("{FAE04EC0-301F-11D3-BF4B-00C04F79EFBC}") = "AgileDefender.iOS", "AgileDefender\AgileDefender.iOS\AgileDefender.iOS.csproj", "{CF49939F-2C73-4774-A301-0B9FF09F7FB7}"
EndProject
Project("{FAE04EC0-301F-11D3-BF4B-00C04F79EFBC}") = "AgileDefender.Droid", "AgileDefender\AgileDefender.Droid\AgileDefender.Droid.csproj", "{08C3E156-4721-4119-A59C-0D5420D1D91F}"
EndProject
Project("{2150E333-8FDC-42A3-9474-1A3956D46DE8}") = ".nuget", ".nuget", "{199A7E5E-F90A-4547-8A9A-8587F711ABB2}"
	ProjectSection(SolutionItems) = preProject
		.nuget\NuGet.Config = .nuget\NuGet.Config
		.nuget\NuGet.exe = .nuget\NuGet.exe
		.nuget\NuGet.targets = .nuget\NuGet.targets
	EndProjectSection
EndProject
Project("{FAE04EC0-301F-11D3-BF4B-00C04F79EFBC}") = "AgileDefender.WinPhone", "AgileDefender\AgileDefender.WinPhone\AgileDefender.WinPhone.csproj", "{636C85E7-6EBE-456E-BE87-70CD9D3432DF}"
EndProject
Global
	GlobalSection(SolutionConfigurationPlatforms) = preSolution
		Ad-Hoc|Any CPU = Ad-Hoc|Any CPU
		Ad-Hoc|ARM = Ad-Hoc|ARM
		Ad-Hoc|iPhone = Ad-Hoc|iPhone
		Ad-Hoc|iPhoneSimulator = Ad-Hoc|iPhoneSimulator
		Ad-Hoc|Mixed Platforms = Ad-Hoc|Mixed Platforms
		Ad-Hoc|x86 = Ad-Hoc|x86
		AppStore|Any CPU = AppStore|Any CPU
		AppStore|ARM = AppStore|ARM
		AppStore|iPhone = AppStore|iPhone
		AppStore|iPhoneSimulator = AppStore|iPhoneSimulator
		AppStore|Mixed Platforms = AppStore|Mixed Platforms
		AppStore|x86 = AppStore|x86
		Debug|Any CPU = Debug|Any CPU
		Debug|ARM = Debug|ARM
		Debug|iPhone = Debug|iPhone
		Debug|iPhoneSimulator = Debug|iPhoneSimulator
		Debug|Mixed Platforms = Debug|Mixed Platforms
		Debug|x86 = Debug|x86
		Release|Any CPU = Release|Any CPU
		Release|ARM = Release|ARM
		Release|iPhone = Release|iPhone
		Release|iPhoneSimulator = Release|iPhoneSimulator
		Release|Mixed Platforms = Release|Mixed Platforms
		Release|x86 = Release|x86
	EndGlobalSection
	GlobalSection(ProjectConfigurationPlatforms) = postSolution
		{A57B3D85-87D4-4CFC-B072-5F34DCA4A169}.Ad-Hoc|Any CPU.ActiveCfg = Release|Any CPU
		{A57B3D85-87D4-4CFC-B072-5F34DCA4A169}.Ad-Hoc|Any CPU.Build.0 = Release|Any CPU
		{A57B3D85-87D4-4CFC-B072-5F34DCA4A169}.Ad-Hoc|ARM.ActiveCfg = Debug|Any CPU
		{A57B3D85-87D4-4CFC-B072-5F34DCA4A169}.Ad-Hoc|iPhone.ActiveCfg = Release|Any CPU
		{A57B3D85-87D4-4CFC-B072-5F34DCA4A169}.Ad-Hoc|iPhoneSimulator.ActiveCfg = Release|Any CPU
		{A57B3D85-87D4-4CFC-B072-5F34DCA4A169}.Ad-Hoc|Mixed Platforms.ActiveCfg = Release|Any CPU
		{A57B3D85-87D4-4CFC-B072-5F34DCA4A169}.Ad-Hoc|Mixed Platforms.Build.0 = Release|Any CPU
		{A57B3D85-87D4-4CFC-B072-5F34DCA4A169}.Ad-Hoc|x86.ActiveCfg = Debug|Any CPU
		{A57B3D85-87D4-4CFC-B072-5F34DCA4A169}.AppStore|Any CPU.ActiveCfg = Release|Any CPU
		{A57B3D85-87D4-4CFC-B072-5F34DCA4A169}.AppStore|Any CPU.Build.0 = Release|Any CPU
		{A57B3D85-87D4-4CFC-B072-5F34DCA4A169}.AppStore|ARM.ActiveCfg = Debug|Any CPU
		{A57B3D85-87D4-4CFC-B072-5F34DCA4A169}.AppStore|iPhone.ActiveCfg = Release|Any CPU
		{A57B3D85-87D4-4CFC-B072-5F34DCA4A169}.AppStore|iPhoneSimulator.ActiveCfg = Release|Any CPU
		{A57B3D85-87D4-4CFC-B072-5F34DCA4A169}.AppStore|Mixed Platforms.ActiveCfg = Release|Any CPU
		{A57B3D85-87D4-4CFC-B072-5F34DCA4A169}.AppStore|Mixed Platforms.Build.0 = Release|Any CPU
		{A57B3D85-87D4-4CFC-B072-5F34DCA4A169}.AppStore|x86.ActiveCfg = Debug|Any CPU
		{A57B3D85-87D4-4CFC-B072-5F34DCA4A169}.Debug|Any CPU.ActiveCfg = Debug|Any CPU
		{A57B3D85-87D4-4CFC-B072-5F34DCA4A169}.Debug|Any CPU.Build.0 = Debug|Any CPU
		{A57B3D85-87D4-4CFC-B072-5F34DCA4A169}.Debug|ARM.ActiveCfg = Debug|Any CPU
		{A57B3D85-87D4-4CFC-B072-5F34DCA4A169}.Debug|iPhone.ActiveCfg = Debug|Any CPU
		{A57B3D85-87D4-4CFC-B072-5F34DCA4A169}.Debug|iPhoneSimulator.ActiveCfg = Debug|Any CPU
		{A57B3D85-87D4-4CFC-B072-5F34DCA4A169}.Debug|Mixed Platforms.ActiveCfg = Debug|Any CPU
		{A57B3D85-87D4-4CFC-B072-5F34DCA4A169}.Debug|Mixed Platforms.Build.0 = Debug|Any CPU
		{A57B3D85-87D4-4CFC-B072-5F34DCA4A169}.Debug|x86.ActiveCfg = Debug|Any CPU
		{A57B3D85-87D4-4CFC-B072-5F34DCA4A169}.Release|Any CPU.ActiveCfg = Release|Any CPU
		{A57B3D85-87D4-4CFC-B072-5F34DCA4A169}.Release|Any CPU.Build.0 = Release|Any CPU
		{A57B3D85-87D4-4CFC-B072-5F34DCA4A169}.Release|ARM.ActiveCfg = Release|Any CPU
		{A57B3D85-87D4-4CFC-B072-5F34DCA4A169}.Release|iPhone.ActiveCfg = Release|Any CPU
		{A57B3D85-87D4-4CFC-B072-5F34DCA4A169}.Release|iPhoneSimulator.ActiveCfg = Release|Any CPU
		{A57B3D85-87D4-4CFC-B072-5F34DCA4A169}.Release|Mixed Platforms.ActiveCfg = Release|Any CPU
		{A57B3D85-87D4-4CFC-B072-5F34DCA4A169}.Release|Mixed Platforms.Build.0 = Release|Any CPU
		{A57B3D85-87D4-4CFC-B072-5F34DCA4A169}.Release|x86.ActiveCfg = Release|Any CPU
		{CF49939F-2C73-4774-A301-0B9FF09F7FB7}.Ad-Hoc|Any CPU.ActiveCfg = Ad-Hoc|iPhone
		{CF49939F-2C73-4774-A301-0B9FF09F7FB7}.Ad-Hoc|ARM.ActiveCfg = Ad-Hoc|iPhoneSimulator
		{CF49939F-2C73-4774-A301-0B9FF09F7FB7}.Ad-Hoc|iPhone.ActiveCfg = Ad-Hoc|iPhone
		{CF49939F-2C73-4774-A301-0B9FF09F7FB7}.Ad-Hoc|iPhone.Build.0 = Ad-Hoc|iPhone
		{CF49939F-2C73-4774-A301-0B9FF09F7FB7}.Ad-Hoc|iPhoneSimulator.ActiveCfg = Ad-Hoc|iPhoneSimulator
		{CF49939F-2C73-4774-A301-0B9FF09F7FB7}.Ad-Hoc|iPhoneSimulator.Build.0 = Ad-Hoc|iPhoneSimulator
		{CF49939F-2C73-4774-A301-0B9FF09F7FB7}.Ad-Hoc|Mixed Platforms.ActiveCfg = Ad-Hoc|iPhone
		{CF49939F-2C73-4774-A301-0B9FF09F7FB7}.Ad-Hoc|Mixed Platforms.Build.0 = Ad-Hoc|iPhone
		{CF49939F-2C73-4774-A301-0B9FF09F7FB7}.Ad-Hoc|x86.ActiveCfg = Ad-Hoc|iPhoneSimulator
		{CF49939F-2C73-4774-A301-0B9FF09F7FB7}.AppStore|Any CPU.ActiveCfg = AppStore|iPhone
		{CF49939F-2C73-4774-A301-0B9FF09F7FB7}.AppStore|ARM.ActiveCfg = AppStore|iPhoneSimulator
		{CF49939F-2C73-4774-A301-0B9FF09F7FB7}.AppStore|iPhone.ActiveCfg = AppStore|iPhone
		{CF49939F-2C73-4774-A301-0B9FF09F7FB7}.AppStore|iPhone.Build.0 = AppStore|iPhone
		{CF49939F-2C73-4774-A301-0B9FF09F7FB7}.AppStore|iPhoneSimulator.ActiveCfg = AppStore|iPhoneSimulator
		{CF49939F-2C73-4774-A301-0B9FF09F7FB7}.AppStore|iPhoneSimulator.Build.0 = AppStore|iPhoneSimulator
		{CF49939F-2C73-4774-A301-0B9FF09F7FB7}.AppStore|Mixed Platforms.ActiveCfg = AppStore|iPhone
		{CF49939F-2C73-4774-A301-0B9FF09F7FB7}.AppStore|Mixed Platforms.Build.0 = AppStore|iPhone
		{CF49939F-2C73-4774-A301-0B9FF09F7FB7}.AppStore|x86.ActiveCfg = AppStore|iPhoneSimulator
		{CF49939F-2C73-4774-A301-0B9FF09F7FB7}.Debug|Any CPU.ActiveCfg = Debug|iPhone
		{CF49939F-2C73-4774-A301-0B9FF09F7FB7}.Debug|ARM.ActiveCfg = Debug|iPhoneSimulator
		{CF49939F-2C73-4774-A301-0B9FF09F7FB7}.Debug|iPhone.ActiveCfg = Debug|iPhone
		{CF49939F-2C73-4774-A301-0B9FF09F7FB7}.Debug|iPhone.Build.0 = Debug|iPhone
		{CF49939F-2C73-4774-A301-0B9FF09F7FB7}.Debug|iPhoneSimulator.ActiveCfg = Debug|iPhoneSimulator
		{CF49939F-2C73-4774-A301-0B9FF09F7FB7}.Debug|iPhoneSimulator.Build.0 = Debug|iPhoneSimulator
		{CF49939F-2C73-4774-A301-0B9FF09F7FB7}.Debug|Mixed Platforms.ActiveCfg = Debug|iPhone
		{CF49939F-2C73-4774-A301-0B9FF09F7FB7}.Debug|Mixed Platforms.Build.0 = Debug|iPhone
		{CF49939F-2C73-4774-A301-0B9FF09F7FB7}.Debug|x86.ActiveCfg = Debug|iPhoneSimulator
		{CF49939F-2C73-4774-A301-0B9FF09F7FB7}.Release|Any CPU.ActiveCfg = Release|iPhone
		{CF49939F-2C73-4774-A301-0B9FF09F7FB7}.Release|ARM.ActiveCfg = Release|iPhoneSimulator
		{CF49939F-2C73-4774-A301-0B9FF09F7FB7}.Release|iPhone.ActiveCfg = Release|iPhone
		{CF49939F-2C73-4774-A301-0B9FF09F7FB7}.Release|iPhone.Build.0 = Release|iPhone
		{CF49939F-2C73-4774-A301-0B9FF09F7FB7}.Release|iPhoneSimulator.ActiveCfg = Release|iPhoneSimulator
		{CF49939F-2C73-4774-A301-0B9FF09F7FB7}.Release|iPhoneSimulator.Build.0 = Release|iPhoneSimulator
		{CF49939F-2C73-4774-A301-0B9FF09F7FB7}.Release|Mixed Platforms.ActiveCfg = Release|iPhone
		{CF49939F-2C73-4774-A301-0B9FF09F7FB7}.Release|Mixed Platforms.Build.0 = Release|iPhone
		{CF49939F-2C73-4774-A301-0B9FF09F7FB7}.Release|x86.ActiveCfg = Release|iPhoneSimulator
		{08C3E156-4721-4119-A59C-0D5420D1D91F}.Ad-Hoc|Any CPU.ActiveCfg = Release|Any CPU
		{08C3E156-4721-4119-A59C-0D5420D1D91F}.Ad-Hoc|Any CPU.Build.0 = Release|Any CPU
		{08C3E156-4721-4119-A59C-0D5420D1D91F}.Ad-Hoc|Any CPU.Deploy.0 = Release|Any CPU
		{08C3E156-4721-4119-A59C-0D5420D1D91F}.Ad-Hoc|ARM.ActiveCfg = Debug|Any CPU
		{08C3E156-4721-4119-A59C-0D5420D1D91F}.Ad-Hoc|iPhone.ActiveCfg = Release|Any CPU
		{08C3E156-4721-4119-A59C-0D5420D1D91F}.Ad-Hoc|iPhoneSimulator.ActiveCfg = Release|Any CPU
		{08C3E156-4721-4119-A59C-0D5420D1D91F}.Ad-Hoc|Mixed Platforms.ActiveCfg = Release|Any CPU
		{08C3E156-4721-4119-A59C-0D5420D1D91F}.Ad-Hoc|Mixed Platforms.Build.0 = Release|Any CPU
		{08C3E156-4721-4119-A59C-0D5420D1D91F}.Ad-Hoc|Mixed Platforms.Deploy.0 = Release|Any CPU
		{08C3E156-4721-4119-A59C-0D5420D1D91F}.Ad-Hoc|x86.ActiveCfg = Debug|Any CPU
		{08C3E156-4721-4119-A59C-0D5420D1D91F}.AppStore|Any CPU.ActiveCfg = Release|Any CPU
		{08C3E156-4721-4119-A59C-0D5420D1D91F}.AppStore|Any CPU.Build.0 = Release|Any CPU
		{08C3E156-4721-4119-A59C-0D5420D1D91F}.AppStore|Any CPU.Deploy.0 = Release|Any CPU
		{08C3E156-4721-4119-A59C-0D5420D1D91F}.AppStore|ARM.ActiveCfg = Debug|Any CPU
		{08C3E156-4721-4119-A59C-0D5420D1D91F}.AppStore|iPhone.ActiveCfg = Release|Any CPU
		{08C3E156-4721-4119-A59C-0D5420D1D91F}.AppStore|iPhoneSimulator.ActiveCfg = Release|Any CPU
		{08C3E156-4721-4119-A59C-0D5420D1D91F}.AppStore|Mixed Platforms.ActiveCfg = Release|Any CPU
		{08C3E156-4721-4119-A59C-0D5420D1D91F}.AppStore|Mixed Platforms.Build.0 = Release|Any CPU
		{08C3E156-4721-4119-A59C-0D5420D1D91F}.AppStore|Mixed Platforms.Deploy.0 = Release|Any CPU
		{08C3E156-4721-4119-A59C-0D5420D1D91F}.AppStore|x86.ActiveCfg = Debug|Any CPU
		{08C3E156-4721-4119-A59C-0D5420D1D91F}.Debug|Any CPU.ActiveCfg = Debug|Any CPU
		{08C3E156-4721-4119-A59C-0D5420D1D91F}.Debug|Any CPU.Build.0 = Debug|Any CPU
		{08C3E156-4721-4119-A59C-0D5420D1D91F}.Debug|Any CPU.Deploy.0 = Debug|Any CPU
		{08C3E156-4721-4119-A59C-0D5420D1D91F}.Debug|ARM.ActiveCfg = Debug|Any CPU
		{08C3E156-4721-4119-A59C-0D5420D1D91F}.Debug|iPhone.ActiveCfg = Debug|Any CPU
		{08C3E156-4721-4119-A59C-0D5420D1D91F}.Debug|iPhoneSimulator.ActiveCfg = Debug|Any CPU
		{08C3E156-4721-4119-A59C-0D5420D1D91F}.Debug|Mixed Platforms.ActiveCfg = Debug|Any CPU
		{08C3E156-4721-4119-A59C-0D5420D1D91F}.Debug|Mixed Platforms.Build.0 = Debug|Any CPU
		{08C3E156-4721-4119-A59C-0D5420D1D91F}.Debug|Mixed Platforms.Deploy.0 = Debug|Any CPU
		{08C3E156-4721-4119-A59C-0D5420D1D91F}.Debug|x86.ActiveCfg = Debug|Any CPU
		{08C3E156-4721-4119-A59C-0D5420D1D91F}.Release|Any CPU.ActiveCfg = Release|Any CPU
		{08C3E156-4721-4119-A59C-0D5420D1D91F}.Release|Any CPU.Build.0 = Release|Any CPU
		{08C3E156-4721-4119-A59C-0D5420D1D91F}.Release|Any CPU.Deploy.0 = Release|Any CPU
		{08C3E156-4721-4119-A59C-0D5420D1D91F}.Release|ARM.ActiveCfg = Release|Any CPU
		{08C3E156-4721-4119-A59C-0D5420D1D91F}.Release|iPhone.ActiveCfg = Release|Any CPU
		{08C3E156-4721-4119-A59C-0D5420D1D91F}.Release|iPhoneSimulator.ActiveCfg = Release|Any CPU
		{08C3E156-4721-4119-A59C-0D5420D1D91F}.Release|Mixed Platforms.ActiveCfg = Release|Any CPU
		{08C3E156-4721-4119-A59C-0D5420D1D91F}.Release|Mixed Platforms.Build.0 = Release|Any CPU
		{08C3E156-4721-4119-A59C-0D5420D1D91F}.Release|Mixed Platforms.Deploy.0 = Release|Any CPU
		{08C3E156-4721-4119-A59C-0D5420D1D91F}.Release|x86.ActiveCfg = Release|Any CPU
		{636C85E7-6EBE-456E-BE87-70CD9D3432DF}.Ad-Hoc|Any CPU.ActiveCfg = Release|Any CPU
		{636C85E7-6EBE-456E-BE87-70CD9D3432DF}.Ad-Hoc|Any CPU.Build.0 = Release|Any CPU
		{636C85E7-6EBE-456E-BE87-70CD9D3432DF}.Ad-Hoc|Any CPU.Deploy.0 = Release|Any CPU
		{636C85E7-6EBE-456E-BE87-70CD9D3432DF}.Ad-Hoc|ARM.ActiveCfg = Release|ARM
		{636C85E7-6EBE-456E-BE87-70CD9D3432DF}.Ad-Hoc|ARM.Build.0 = Release|ARM
		{636C85E7-6EBE-456E-BE87-70CD9D3432DF}.Ad-Hoc|ARM.Deploy.0 = Release|ARM
		{636C85E7-6EBE-456E-BE87-70CD9D3432DF}.Ad-Hoc|iPhone.ActiveCfg = Release|Any CPU
		{636C85E7-6EBE-456E-BE87-70CD9D3432DF}.Ad-Hoc|iPhoneSimulator.ActiveCfg = Release|Any CPU
		{636C85E7-6EBE-456E-BE87-70CD9D3432DF}.Ad-Hoc|Mixed Platforms.ActiveCfg = Release|x86
		{636C85E7-6EBE-456E-BE87-70CD9D3432DF}.Ad-Hoc|Mixed Platforms.Build.0 = Release|x86
		{636C85E7-6EBE-456E-BE87-70CD9D3432DF}.Ad-Hoc|Mixed Platforms.Deploy.0 = Release|x86
		{636C85E7-6EBE-456E-BE87-70CD9D3432DF}.Ad-Hoc|x86.ActiveCfg = Release|x86
		{636C85E7-6EBE-456E-BE87-70CD9D3432DF}.Ad-Hoc|x86.Build.0 = Release|x86
		{636C85E7-6EBE-456E-BE87-70CD9D3432DF}.Ad-Hoc|x86.Deploy.0 = Release|x86
		{636C85E7-6EBE-456E-BE87-70CD9D3432DF}.AppStore|Any CPU.ActiveCfg = Release|Any CPU
		{636C85E7-6EBE-456E-BE87-70CD9D3432DF}.AppStore|Any CPU.Build.0 = Release|Any CPU
		{636C85E7-6EBE-456E-BE87-70CD9D3432DF}.AppStore|Any CPU.Deploy.0 = Release|Any CPU
		{636C85E7-6EBE-456E-BE87-70CD9D3432DF}.AppStore|ARM.ActiveCfg = Release|ARM
		{636C85E7-6EBE-456E-BE87-70CD9D3432DF}.AppStore|ARM.Build.0 = Release|ARM
		{636C85E7-6EBE-456E-BE87-70CD9D3432DF}.AppStore|ARM.Deploy.0 = Release|ARM
		{636C85E7-6EBE-456E-BE87-70CD9D3432DF}.AppStore|iPhone.ActiveCfg = Release|Any CPU
		{636C85E7-6EBE-456E-BE87-70CD9D3432DF}.AppStore|iPhoneSimulator.ActiveCfg = Release|Any CPU
		{636C85E7-6EBE-456E-BE87-70CD9D3432DF}.AppStore|Mixed Platforms.ActiveCfg = Release|x86
		{636C85E7-6EBE-456E-BE87-70CD9D3432DF}.AppStore|Mixed Platforms.Build.0 = Release|x86
		{636C85E7-6EBE-456E-BE87-70CD9D3432DF}.AppStore|Mixed Platforms.Deploy.0 = Release|x86
		{636C85E7-6EBE-456E-BE87-70CD9D3432DF}.AppStore|x86.ActiveCfg = Release|x86
		{636C85E7-6EBE-456E-BE87-70CD9D3432DF}.AppStore|x86.Build.0 = Release|x86
		{636C85E7-6EBE-456E-BE87-70CD9D3432DF}.AppStore|x86.Deploy.0 = Release|x86
		{636C85E7-6EBE-456E-BE87-70CD9D3432DF}.Debug|Any CPU.ActiveCfg = Debug|Any CPU
		{636C85E7-6EBE-456E-BE87-70CD9D3432DF}.Debug|Any CPU.Build.0 = Debug|Any CPU
		{636C85E7-6EBE-456E-BE87-70CD9D3432DF}.Debug|Any CPU.Deploy.0 = Debug|Any CPU
		{636C85E7-6EBE-456E-BE87-70CD9D3432DF}.Debug|ARM.ActiveCfg = Debug|ARM
		{636C85E7-6EBE-456E-BE87-70CD9D3432DF}.Debug|ARM.Build.0 = Debug|ARM
		{636C85E7-6EBE-456E-BE87-70CD9D3432DF}.Debug|ARM.Deploy.0 = Debug|ARM
		{636C85E7-6EBE-456E-BE87-70CD9D3432DF}.Debug|iPhone.ActiveCfg = Debug|Any CPU
		{636C85E7-6EBE-456E-BE87-70CD9D3432DF}.Debug|iPhoneSimulator.ActiveCfg = Debug|Any CPU
		{636C85E7-6EBE-456E-BE87-70CD9D3432DF}.Debug|Mixed Platforms.ActiveCfg = Debug|x86
		{636C85E7-6EBE-456E-BE87-70CD9D3432DF}.Debug|Mixed Platforms.Build.0 = Debug|x86
		{636C85E7-6EBE-456E-BE87-70CD9D3432DF}.Debug|Mixed Platforms.Deploy.0 = Debug|x86
		{636C85E7-6EBE-456E-BE87-70CD9D3432DF}.Debug|x86.ActiveCfg = Debug|x86
		{636C85E7-6EBE-456E-BE87-70CD9D3432DF}.Debug|x86.Build.0 = Debug|x86
		{636C85E7-6EBE-456E-BE87-70CD9D3432DF}.Debug|x86.Deploy.0 = Debug|x86
		{636C85E7-6EBE-456E-BE87-70CD9D3432DF}.Release|Any CPU.ActiveCfg = Release|Any CPU
		{636C85E7-6EBE-456E-BE87-70CD9D3432DF}.Release|Any CPU.Build.0 = Release|Any CPU
		{636C85E7-6EBE-456E-BE87-70CD9D3432DF}.Release|Any CPU.Deploy.0 = Release|Any CPU
		{636C85E7-6EBE-456E-BE87-70CD9D3432DF}.Release|ARM.ActiveCfg = Release|ARM
		{636C85E7-6EBE-456E-BE87-70CD9D3432DF}.Release|ARM.Build.0 = Release|ARM
		{636C85E7-6EBE-456E-BE87-70CD9D3432DF}.Release|ARM.Deploy.0 = Release|ARM
		{636C85E7-6EBE-456E-BE87-70CD9D3432DF}.Release|iPhone.ActiveCfg = Release|Any CPU
		{636C85E7-6EBE-456E-BE87-70CD9D3432DF}.Release|iPhoneSimulator.ActiveCfg = Release|Any CPU
		{636C85E7-6EBE-456E-BE87-70CD9D3432DF}.Release|Mixed Platforms.ActiveCfg = Release|x86
		{636C85E7-6EBE-456E-BE87-70CD9D3432DF}.Release|Mixed Platforms.Build.0 = Release|x86
		{636C85E7-6EBE-456E-BE87-70CD9D3432DF}.Release|Mixed Platforms.Deploy.0 = Release|x86
		{636C85E7-6EBE-456E-BE87-70CD9D3432DF}.Release|x86.ActiveCfg = Release|x86
		{636C85E7-6EBE-456E-BE87-70CD9D3432DF}.Release|x86.Build.0 = Release|x86
		{636C85E7-6EBE-456E-BE87-70CD9D3432DF}.Release|x86.Deploy.0 = Release|x86
	EndGlobalSection
	GlobalSection(SolutionProperties) = preSolution
		HideSolutionNode = FALSE
	EndGlobalSection
EndGlobal
