
Microsoft Visual Studio Solution File, Format Version 12.00
# Visual Studio 2013
VisualStudioVersion = 12.0.31101.0
MinimumVisualStudioVersion = 10.0.40219.1
Project("{FAE04EC0-301F-11D3-BF4B-00C04F79EFBC}") = "Neudesic.AgileDefender", "Neudesic.AgileDefender\Neudesic.AgileDefender\Neudesic.AgileDefender.csproj", "{D64B4546-E8B1-4C01-887E-E53FCF7DBFED}"
EndProject
Project("{FAE04EC0-301F-11D3-BF4B-00C04F79EFBC}") = "Neudesic.AgileDefender.Droid", "Neudesic.AgileDefender\Neudesic.AgileDefender.Droid\Neudesic.AgileDefender.Droid.csproj", "{431061DB-68A2-4168-8F8A-A35E52392874}"
EndProject
Project("{FAE04EC0-301F-11D3-BF4B-00C04F79EFBC}") = "Neudesic.AgileDefender.iOS", "Neudesic.AgileDefender\Neudesic.AgileDefender.iOS\Neudesic.AgileDefender.iOS.csproj", "{1197840D-2141-4109-983E-94CC8B505D65}"
EndProject
Project("{2150E333-8FDC-42A3-9474-1A3956D46DE8}") = ".nuget", ".nuget", "{43380F10-152B-4F91-9584-2208F5068C08}"
	ProjectSection(SolutionItems) = preProject
		.nuget\NuGet.Config = .nuget\NuGet.Config
		.nuget\NuGet.exe = .nuget\NuGet.exe
		.nuget\NuGet.targets = .nuget\NuGet.targets
	EndProjectSection
EndProject
Global
	GlobalSection(SolutionConfigurationPlatforms) = preSolution
		Ad-Hoc|Any CPU = Ad-Hoc|Any CPU
		Ad-Hoc|iPhone = Ad-Hoc|iPhone
		Ad-Hoc|iPhoneSimulator = Ad-Hoc|iPhoneSimulator
		Ad-Hoc|Mixed Platforms = Ad-Hoc|Mixed Platforms
		AppStore|Any CPU = AppStore|Any CPU
		AppStore|iPhone = AppStore|iPhone
		AppStore|iPhoneSimulator = AppStore|iPhoneSimulator
		AppStore|Mixed Platforms = AppStore|Mixed Platforms
		Debug|Any CPU = Debug|Any CPU
		Debug|iPhone = Debug|iPhone
		Debug|iPhoneSimulator = Debug|iPhoneSimulator
		Debug|Mixed Platforms = Debug|Mixed Platforms
		Release|Any CPU = Release|Any CPU
		Release|iPhone = Release|iPhone
		Release|iPhoneSimulator = Release|iPhoneSimulator
		Release|Mixed Platforms = Release|Mixed Platforms
	EndGlobalSection
	GlobalSection(ProjectConfigurationPlatforms) = postSolution
		{D64B4546-E8B1-4C01-887E-E53FCF7DBFED}.Ad-Hoc|Any CPU.ActiveCfg = Release|Any CPU
		{D64B4546-E8B1-4C01-887E-E53FCF7DBFED}.Ad-Hoc|Any CPU.Build.0 = Release|Any CPU
		{D64B4546-E8B1-4C01-887E-E53FCF7DBFED}.Ad-Hoc|iPhone.ActiveCfg = Release|Any CPU
		{D64B4546-E8B1-4C01-887E-E53FCF7DBFED}.Ad-Hoc|iPhoneSimulator.ActiveCfg = Release|Any CPU
		{D64B4546-E8B1-4C01-887E-E53FCF7DBFED}.Ad-Hoc|Mixed Platforms.ActiveCfg = Release|Any CPU
		{D64B4546-E8B1-4C01-887E-E53FCF7DBFED}.Ad-Hoc|Mixed Platforms.Build.0 = Release|Any CPU
		{D64B4546-E8B1-4C01-887E-E53FCF7DBFED}.AppStore|Any CPU.ActiveCfg = Release|Any CPU
		{D64B4546-E8B1-4C01-887E-E53FCF7DBFED}.AppStore|Any CPU.Build.0 = Release|Any CPU
		{D64B4546-E8B1-4C01-887E-E53FCF7DBFED}.AppStore|iPhone.ActiveCfg = Release|Any CPU
		{D64B4546-E8B1-4C01-887E-E53FCF7DBFED}.AppStore|iPhoneSimulator.ActiveCfg = Release|Any CPU
		{D64B4546-E8B1-4C01-887E-E53FCF7DBFED}.AppStore|Mixed Platforms.ActiveCfg = Release|Any CPU
		{D64B4546-E8B1-4C01-887E-E53FCF7DBFED}.AppStore|Mixed Platforms.Build.0 = Release|Any CPU
		{D64B4546-E8B1-4C01-887E-E53FCF7DBFED}.Debug|Any CPU.ActiveCfg = Debug|Any CPU
		{D64B4546-E8B1-4C01-887E-E53FCF7DBFED}.Debug|Any CPU.Build.0 = Debug|Any CPU
		{D64B4546-E8B1-4C01-887E-E53FCF7DBFED}.Debug|iPhone.ActiveCfg = Debug|Any CPU
		{D64B4546-E8B1-4C01-887E-E53FCF7DBFED}.Debug|iPhoneSimulator.ActiveCfg = Debug|Any CPU
		{D64B4546-E8B1-4C01-887E-E53FCF7DBFED}.Debug|Mixed Platforms.ActiveCfg = Debug|Any CPU
		{D64B4546-E8B1-4C01-887E-E53FCF7DBFED}.Debug|Mixed Platforms.Build.0 = Debug|Any CPU
		{D64B4546-E8B1-4C01-887E-E53FCF7DBFED}.Release|Any CPU.ActiveCfg = Release|Any CPU
		{D64B4546-E8B1-4C01-887E-E53FCF7DBFED}.Release|Any CPU.Build.0 = Release|Any CPU
		{D64B4546-E8B1-4C01-887E-E53FCF7DBFED}.Release|iPhone.ActiveCfg = Release|Any CPU
		{D64B4546-E8B1-4C01-887E-E53FCF7DBFED}.Release|iPhoneSimulator.ActiveCfg = Release|Any CPU
		{D64B4546-E8B1-4C01-887E-E53FCF7DBFED}.Release|Mixed Platforms.ActiveCfg = Release|Any CPU
		{D64B4546-E8B1-4C01-887E-E53FCF7DBFED}.Release|Mixed Platforms.Build.0 = Release|Any CPU
		{431061DB-68A2-4168-8F8A-A35E52392874}.Ad-Hoc|Any CPU.ActiveCfg = Release|Any CPU
		{431061DB-68A2-4168-8F8A-A35E52392874}.Ad-Hoc|Any CPU.Build.0 = Release|Any CPU
		{431061DB-68A2-4168-8F8A-A35E52392874}.Ad-Hoc|Any CPU.Deploy.0 = Release|Any CPU
		{431061DB-68A2-4168-8F8A-A35E52392874}.Ad-Hoc|iPhone.ActiveCfg = Release|Any CPU
		{431061DB-68A2-4168-8F8A-A35E52392874}.Ad-Hoc|iPhoneSimulator.ActiveCfg = Release|Any CPU
		{431061DB-68A2-4168-8F8A-A35E52392874}.Ad-Hoc|Mixed Platforms.ActiveCfg = Release|Any CPU
		{431061DB-68A2-4168-8F8A-A35E52392874}.Ad-Hoc|Mixed Platforms.Build.0 = Release|Any CPU
		{431061DB-68A2-4168-8F8A-A35E52392874}.Ad-Hoc|Mixed Platforms.Deploy.0 = Release|Any CPU
		{431061DB-68A2-4168-8F8A-A35E52392874}.AppStore|Any CPU.ActiveCfg = Release|Any CPU
		{431061DB-68A2-4168-8F8A-A35E52392874}.AppStore|Any CPU.Build.0 = Release|Any CPU
		{431061DB-68A2-4168-8F8A-A35E52392874}.AppStore|Any CPU.Deploy.0 = Release|Any CPU
		{431061DB-68A2-4168-8F8A-A35E52392874}.AppStore|iPhone.ActiveCfg = Release|Any CPU
		{431061DB-68A2-4168-8F8A-A35E52392874}.AppStore|iPhoneSimulator.ActiveCfg = Release|Any CPU
		{431061DB-68A2-4168-8F8A-A35E52392874}.AppStore|Mixed Platforms.ActiveCfg = Release|Any CPU
		{431061DB-68A2-4168-8F8A-A35E52392874}.AppStore|Mixed Platforms.Build.0 = Release|Any CPU
		{431061DB-68A2-4168-8F8A-A35E52392874}.AppStore|Mixed Platforms.Deploy.0 = Release|Any CPU
		{431061DB-68A2-4168-8F8A-A35E52392874}.Debug|Any CPU.ActiveCfg = Debug|Any CPU
		{431061DB-68A2-4168-8F8A-A35E52392874}.Debug|Any CPU.Build.0 = Debug|Any CPU
		{431061DB-68A2-4168-8F8A-A35E52392874}.Debug|Any CPU.Deploy.0 = Debug|Any CPU
		{431061DB-68A2-4168-8F8A-A35E52392874}.Debug|iPhone.ActiveCfg = Debug|Any CPU
		{431061DB-68A2-4168-8F8A-A35E52392874}.Debug|iPhoneSimulator.ActiveCfg = Debug|Any CPU
		{431061DB-68A2-4168-8F8A-A35E52392874}.Debug|Mixed Platforms.ActiveCfg = Debug|Any CPU
		{431061DB-68A2-4168-8F8A-A35E52392874}.Debug|Mixed Platforms.Build.0 = Debug|Any CPU
		{431061DB-68A2-4168-8F8A-A35E52392874}.Debug|Mixed Platforms.Deploy.0 = Debug|Any CPU
		{431061DB-68A2-4168-8F8A-A35E52392874}.Release|Any CPU.ActiveCfg = Release|Any CPU
		{431061DB-68A2-4168-8F8A-A35E52392874}.Release|Any CPU.Build.0 = Release|Any CPU
		{431061DB-68A2-4168-8F8A-A35E52392874}.Release|Any CPU.Deploy.0 = Release|Any CPU
		{431061DB-68A2-4168-8F8A-A35E52392874}.Release|iPhone.ActiveCfg = Release|Any CPU
		{431061DB-68A2-4168-8F8A-A35E52392874}.Release|iPhoneSimulator.ActiveCfg = Release|Any CPU
		{431061DB-68A2-4168-8F8A-A35E52392874}.Release|Mixed Platforms.ActiveCfg = Release|Any CPU
		{431061DB-68A2-4168-8F8A-A35E52392874}.Release|Mixed Platforms.Build.0 = Release|Any CPU
		{431061DB-68A2-4168-8F8A-A35E52392874}.Release|Mixed Platforms.Deploy.0 = Release|Any CPU
		{1197840D-2141-4109-983E-94CC8B505D65}.Ad-Hoc|Any CPU.ActiveCfg = Ad-Hoc|iPhone
		{1197840D-2141-4109-983E-94CC8B505D65}.Ad-Hoc|iPhone.ActiveCfg = Ad-Hoc|iPhone
		{1197840D-2141-4109-983E-94CC8B505D65}.Ad-Hoc|iPhone.Build.0 = Ad-Hoc|iPhone
		{1197840D-2141-4109-983E-94CC8B505D65}.Ad-Hoc|iPhoneSimulator.ActiveCfg = Ad-Hoc|iPhoneSimulator
		{1197840D-2141-4109-983E-94CC8B505D65}.Ad-Hoc|iPhoneSimulator.Build.0 = Ad-Hoc|iPhoneSimulator
		{1197840D-2141-4109-983E-94CC8B505D65}.Ad-Hoc|Mixed Platforms.ActiveCfg = Ad-Hoc|iPhone
		{1197840D-2141-4109-983E-94CC8B505D65}.Ad-Hoc|Mixed Platforms.Build.0 = Ad-Hoc|iPhone
		{1197840D-2141-4109-983E-94CC8B505D65}.AppStore|Any CPU.ActiveCfg = AppStore|iPhone
		{1197840D-2141-4109-983E-94CC8B505D65}.AppStore|iPhone.ActiveCfg = AppStore|iPhone
		{1197840D-2141-4109-983E-94CC8B505D65}.AppStore|iPhone.Build.0 = AppStore|iPhone
		{1197840D-2141-4109-983E-94CC8B505D65}.AppStore|iPhoneSimulator.ActiveCfg = AppStore|iPhoneSimulator
		{1197840D-2141-4109-983E-94CC8B505D65}.AppStore|iPhoneSimulator.Build.0 = AppStore|iPhoneSimulator
		{1197840D-2141-4109-983E-94CC8B505D65}.AppStore|Mixed Platforms.ActiveCfg = AppStore|iPhone
		{1197840D-2141-4109-983E-94CC8B505D65}.AppStore|Mixed Platforms.Build.0 = AppStore|iPhone
		{1197840D-2141-4109-983E-94CC8B505D65}.Debug|Any CPU.ActiveCfg = Debug|iPhone
		{1197840D-2141-4109-983E-94CC8B505D65}.Debug|iPhone.ActiveCfg = Debug|iPhone
		{1197840D-2141-4109-983E-94CC8B505D65}.Debug|iPhone.Build.0 = Debug|iPhone
		{1197840D-2141-4109-983E-94CC8B505D65}.Debug|iPhoneSimulator.ActiveCfg = Debug|iPhoneSimulator
		{1197840D-2141-4109-983E-94CC8B505D65}.Debug|iPhoneSimulator.Build.0 = Debug|iPhoneSimulator
		{1197840D-2141-4109-983E-94CC8B505D65}.Debug|Mixed Platforms.ActiveCfg = Debug|iPhone
		{1197840D-2141-4109-983E-94CC8B505D65}.Debug|Mixed Platforms.Build.0 = Debug|iPhone
		{1197840D-2141-4109-983E-94CC8B505D65}.Release|Any CPU.ActiveCfg = Release|iPhone
		{1197840D-2141-4109-983E-94CC8B505D65}.Release|iPhone.ActiveCfg = Release|iPhone
		{1197840D-2141-4109-983E-94CC8B505D65}.Release|iPhone.Build.0 = Release|iPhone
		{1197840D-2141-4109-983E-94CC8B505D65}.Release|iPhoneSimulator.ActiveCfg = Release|iPhoneSimulator
		{1197840D-2141-4109-983E-94CC8B505D65}.Release|iPhoneSimulator.Build.0 = Release|iPhoneSimulator
		{1197840D-2141-4109-983E-94CC8B505D65}.Release|Mixed Platforms.ActiveCfg = Release|iPhone
		{1197840D-2141-4109-983E-94CC8B505D65}.Release|Mixed Platforms.Build.0 = Release|iPhone
	EndGlobalSection
	GlobalSection(SolutionProperties) = preSolution
		HideSolutionNode = FALSE
	EndGlobalSection
EndGlobal
